
Microsoft Visual Studio Solution File, Format Version 12.00
# Visual Studio Version 17
VisualStudioVersion = 17.4.33122.133
MinimumVisualStudioVersion = 10.0.40219.1
Project("{FAE04EC0-301F-11D3-BF4B-00C04F79EFBC}") = "WebApi", "WebApi\WebApi.csproj", "{3D934D79-9855-454D-8527-04AB8124EDC2}"
EndProject
Project("{FAE04EC0-301F-11D3-BF4B-00C04F79EFBC}") = "DataAccess", "DataAccess\DataAccess.csproj", "{1BC95683-316B-458E-A15B-E9D4FD3C6423}"
EndProject
Project("{FAE04EC0-301F-11D3-BF4B-00C04F79EFBC}") = "Domain", "Domain\Domain.csproj", "{4ACF1323-1409-4DF6-9F25-F3838FC8004C}"
EndProject
Global
	GlobalSection(SolutionConfigurationPlatforms) = preSolution
		Debug|Any CPU = Debug|Any CPU
		Release|Any CPU = Release|Any CPU
	EndGlobalSection
	GlobalSection(ProjectConfigurationPlatforms) = postSolution
		{3D934D79-9855-454D-8527-04AB8124EDC2}.Debug|Any CPU.ActiveCfg = Debug|Any CPU
		{3D934D79-9855-454D-8527-04AB8124EDC2}.Debug|Any CPU.Build.0 = Debug|Any CPU
		{3D934D79-9855-454D-8527-04AB8124EDC2}.Release|Any CPU.ActiveCfg = Release|Any CPU
		{3D934D79-9855-454D-8527-04AB8124EDC2}.Release|Any CPU.Build.0 = Release|Any CPU
		{1BC95683-316B-458E-A15B-E9D4FD3C6423}.Debug|Any CPU.ActiveCfg = Debug|Any CPU
		{1BC95683-316B-458E-A15B-E9D4FD3C6423}.Debug|Any CPU.Build.0 = Debug|Any CPU
		{1BC95683-316B-458E-A15B-E9D4FD3C6423}.Release|Any CPU.ActiveCfg = Release|Any CPU
		{1BC95683-316B-458E-A15B-E9D4FD3C6423}.Release|Any CPU.Build.0 = Release|Any CPU
		{4ACF1323-1409-4DF6-9F25-F3838FC8004C}.Debug|Any CPU.ActiveCfg = Debug|Any CPU
		{4ACF1323-1409-4DF6-9F25-F3838FC8004C}.Debug|Any CPU.Build.0 = Debug|Any CPU
		{4ACF1323-1409-4DF6-9F25-F3838FC8004C}.Release|Any CPU.ActiveCfg = Release|Any CPU
		{4ACF1323-1409-4DF6-9F25-F3838FC8004C}.Release|Any CPU.Build.0 = Release|Any CPU
	EndGlobalSection
	GlobalSection(SolutionProperties) = preSolution
		HideSolutionNode = FALSE
	EndGlobalSection
	GlobalSection(ExtensibilityGlobals) = postSolution
		SolutionGuid = {850CF8CB-38AD-480B-99FF-BC81512BD10D}
	EndGlobalSection
EndGlobal
